{
  "name": "kylinmusic",
  "version": "1.0.0",
  "lockfileVersion": 2,
  "requires": true,
  "packages": {
    "": {
      "name": "kylinmusic",
      "version": "1.0.0",
      "license": "ISC",
      "dependencies": {
        "@vant/weapp": "^1.10.17"
      },
      "devDependencies": {}
    },
    "node_modules/@vant/weapp": {
      "version": "1.10.17",
      "resolved": "https://registry.npmmirror.com/@vant/weapp/-/weapp-1.10.17.tgz",
      "integrity": "sha512-M4wUSNHzHhO23PfQRg53jH0FmV0eDK4GFyGgrqMMSPooSDD2SRJzWPcv05wn9f/xbouHmtSReGEjeGQVF9MatA=="
    }
  },
  "dependencies": {
    "@vant/weapp": {
      "version": "1.10.17",
      "resolved": "https://registry.npmmirror.com/@vant/weapp/-/weapp-1.10.17.tgz",
      "integrity": "sha512-M4wUSNHzHhO23PfQRg53jH0FmV0eDK4GFyGgrqMMSPooSDD2SRJzWPcv05wn9f/xbouHmtSReGEjeGQVF9MatA=="
    }
  }
}
